// !$*UTF8*$!
{
	archiveVersion = 1;
	classes = {
	};
	objectVersion = 56;
	objects = {

/* Begin PBXBuildFile section */
		1014D3702BFA0791001E670E /* HomeView.swift in Sources */ = {isa = PBXBuildFile; fileRef = 1014D36F2BFA0791001E670E /* HomeView.swift */; };
		1014D3722BFA07D0001E670E /* FilterViewModel.swift in Sources */ = {isa = PBXBuildFile; fileRef = 1014D3712BFA07D0001E670E /* FilterViewModel.swift */; };
		1014D3742BFA0864001E670E /* ImagePicker.swift in Sources */ = {isa = PBXBuildFile; fileRef = 1014D3732BFA0864001E670E /* ImagePicker.swift */; };
		1014D3762BFA1E9E001E670E /* FilteredImageModel.swift in Sources */ = {isa = PBXBuildFile; fileRef = 1014D3752BFA1E9E001E670E /* FilteredImageModel.swift */; };
		10D042D82BFA0519004C3772 /* Photo_EditorApp.swift in Sources */ = {isa = PBXBuildFile; fileRef = 10D042D72BFA0519004C3772 /* Photo_EditorApp.swift */; };
		10D042DA2BFA0519004C3772 /* ContentView.swift in Sources */ = {isa = PBXBuildFile; fileRef = 10D042D92BFA0519004C3772 /* ContentView.swift */; };
		10D042DC2BFA051C004C3772 /* Assets.xcassets in Resources */ = {isa = PBXBuildFile; fileRef = 10D042DB2BFA051C004C3772 /* Assets.xcassets */; };
		10D042DF2BFA051C004C3772 /* Preview Assets.xcassets in Resources */ = {isa = PBXBuildFile; fileRef = 10D042DE2BFA051C004C3772 /* Preview Assets.xcassets */; };
/* End PBXBuildFile section */

/* Begin PBXFileReference section */
		1014D36F2BFA0791001E670E /* HomeView.swift */ = {isa = PBXFileReference; lastKnownFileType = sourcecode.swift; path = HomeView.swift; sourceTree = "<group>"; };
		1014D3712BFA07D0001E670E /* FilterViewModel.swift */ = {isa = PBXFileReference; lastKnownFileType = sourcecode.swift; path = FilterViewModel.swift; sourceTree = "<group>"; };
		1014D3732BFA0864001E670E /* ImagePicker.swift */ = {isa = PBXFileReference; lastKnownFileType = sourcecode.swift; path = ImagePicker.swift; sourceTree = "<group>"; };
		1014D3752BFA1E9E001E670E /* FilteredImageModel.swift */ = {isa = PBXFileReference; lastKnownFileType = sourcecode.swift; path = FilteredImageModel.swift; sourceTree = "<group>"; };
		10D042D42BFA0519004C3772 /* Photo Editor.app */ = {isa = PBXFileReference; explicitFileType = wrapper.application; includeInIndex = 0; path = "Photo Editor.app"; sourceTree = BUILT_PRODUCTS_DIR; };
		10D042D72BFA0519004C3772 /* Photo_EditorApp.swift */ = {isa = PBXFileReference; lastKnownFileType = sourcecode.swift; path = Photo_EditorApp.swift; sourceTree = "<group>"; };
		10D042D92BFA0519004C3772 /* ContentView.swift */ = {isa = PBXFileReference; lastKnownFileType = sourcecode.swift; path = ContentView.swift; sourceTree = "<group>"; };
		10D042DB2BFA051C004C3772 /* Assets.xcassets */ = {isa = PBXFileReference; lastKnownFileType = folder.assetcatalog; path = Assets.xcassets; sourceTree = "<group>"; };
		10D042DE2BFA051C004C3772 /* Preview Assets.xcassets */ = {isa = PBXFileReference; lastKnownFileType = folder.assetcatalog; path = "Preview Assets.xcassets"; sourceTree = "<group>"; };
		10FD22442C030A1A00052D5D /* Photo-Editor-Info.plist */ = {isa = PBXFileReference; lastKnownFileType = text.plist; path = "Photo-Editor-Info.plist"; sourceTree = SOURCE_ROOT; };
/* End PBXFileReference section */

/* Begin PBXFrameworksBuildPhase section */
		10D042D12BFA0519004C3772 /* Frameworks */ = {
			isa = PBXFrameworksBuildPhase;
			buildActionMask = 2147483647;
			files = (
			);
			runOnlyForDeploymentPostprocessing = 0;
		};
/* End PBXFrameworksBuildPhase section */

/* Begin PBXGroup section */
		1014D36C2BFA0761001E670E /* View */ = {
			isa = PBXGroup;
			children = (
				1014D36F2BFA0791001E670E /* HomeView.swift */,
				1014D3732BFA0864001E670E /* ImagePicker.swift */,
			);
			path = View;
			sourceTree = "<group>";
		};
		1014D36D2BFA076A001E670E /* Model */ = {
			isa = PBXGroup;
			children = (
				1014D3752BFA1E9E001E670E /* FilteredImageModel.swift */,
			);
			path = Model;
			sourceTree = "<group>";
		};
		1014D36E2BFA0775001E670E /* ViewModel */ = {
			isa = PBXGroup;
			children = (
				1014D3712BFA07D0001E670E /* FilterViewModel.swift */,
			);
			path = ViewModel;
			sourceTree = "<group>";
		};
		10D042CB2BFA0519004C3772 = {
			isa = PBXGroup;
			children = (
				10D042D62BFA0519004C3772 /* Photo Editor */,
				10D042D52BFA0519004C3772 /* Products */,
			);
			sourceTree = "<group>";
		};
		10D042D52BFA0519004C3772 /* Products */ = {
			isa = PBXGroup;
			children = (
				10D042D42BFA0519004C3772 /* Photo Editor.app */,
			);
			name = Products;
			sourceTree = "<group>";
		};
		10D042D62BFA0519004C3772 /* Photo Editor */ = {
			isa = PBXGroup;
			children = (
				10FD22442C030A1A00052D5D /* Photo-Editor-Info.plist */,
				1014D36D2BFA076A001E670E /* Model */,
				1014D36C2BFA0761001E670E /* View */,
				1014D36E2BFA0775001E670E /* ViewModel */,
				10D042D72BFA0519004C3772 /* Photo_EditorApp.swift */,
				10D042D92BFA0519004C3772 /* ContentView.swift */,
				10D042DB2BFA051C004C3772 /* Assets.xcassets */,
				10D042DD2BFA051C004C3772 /* Preview Content */,
			);
			path = "Photo Editor";
			sourceTree = "<group>";
		};
		10D042DD2BFA051C004C3772 /* Preview Content */ = {
			isa = PBXGroup;
			children = (
				10D042DE2BFA051C004C3772 /* Preview Assets.xcassets */,
			);
			path = "Preview Content";
			sourceTree = "<group>";
		};
/* End PBXGroup section */

/* Begin PBXNativeTarget section */
		10D042D32BFA0519004C3772 /* Photo Editor */ = {
			isa = PBXNativeTarget;
			buildConfigurationList = 10D042E22BFA051C004C3772 /* Build configuration list for PBXNativeTarget "Photo Editor" */;
			buildPhases = (
				10D042D02BFA0519004C3772 /* Sources */,
				10D042D12BFA0519004C3772 /* Frameworks */,
				10D042D22BFA0519004C3772 /* Resources */,
			);
			buildRules = (
			);
			dependencies = (
			);
			name = "Photo Editor";
			productName = "Photo Editor";
			productReference = 10D042D42BFA0519004C3772 /* Photo Editor.app */;
			productType = "com.apple.product-type.application";
		};
/* End PBXNativeTarget section */

/* Begin PBXProject section */
		10D042CC2BFA0519004C3772 /* Project object */ = {
			isa = PBXProject;
			attributes = {
				BuildIndependentTargetsInParallel = 1;
				LastSwiftUpdateCheck = 1520;
				LastUpgradeCheck = 1520;
				TargetAttributes = {
					10D042D32BFA0519004C3772 = {
						CreatedOnToolsVersion = 15.2;
					};
				};
			};
			buildConfigurationList = 10D042CF2BFA0519004C3772 /* Build configuration list for PBXProject "Photo Editor" */;
			compatibilityVersion = "Xcode 14.0";
			developmentRegion = en;
			hasScannedForEncodings = 0;
			knownRegions = (
				en,
				Base,
			);
			mainGroup = 10D042CB2BFA0519004C3772;
			productRefGroup = 10D042D52BFA0519004C3772 /* Products */;
			projectDirPath = "";
			projectRoot = "";
			targets = (
				10D042D32BFA0519004C3772 /* Photo Editor */,
			);
		};
/* End PBXProject section */

/* Begin PBXResourcesBuildPhase section */
		10D042D22BFA0519004C3772 /* Resources */ = {
			isa = PBXResourcesBuildPhase;
			buildActionMask = 2147483647;
			files = (
				10D042DF2BFA051C004C3772 /* Preview Assets.xcassets in Resources */,
				10D042DC2BFA051C004C3772 /* Assets.xcassets in Resources */,
			);
			runOnlyForDeploymentPostprocessing = 0;
		};
/* End PBXResourcesBuildPhase section */

/* Begin PBXSourcesBuildPhase section */
		10D042D02BFA0519004C3772 /* Sources */ = {
			isa = PBXSourcesBuildPhase;
			buildActionMask = 2147483647;
			files = (
				1014D3702BFA0791001E670E /* HomeView.swift in Sources */,
				10D042DA2BFA0519004C3772 /* ContentView.swift in Sources */,
				1014D3742BFA0864001E670E /* ImagePicker.swift in Sources */,
				10D042D82BFA0519004C3772 /* Photo_EditorApp.swift in Sources */,
				1014D3722BFA07D0001E670E /* FilterViewModel.swift in Sources */,
				1014D3762BFA1E9E001E670E /* FilteredImageModel.swift in Sources */,
			);
			runOnlyForDeploymentPostprocessing = 0;
		};
/* End PBXSourcesBuildPhase section */

/* Begin XCBuildConfiguration section */
		10D042E02BFA051C004C3772 /* Debug */ = {
			isa = XCBuildConfiguration;
			buildSettings = {
				ALWAYS_SEARCH_USER_PATHS = NO;
				ASSETCATALOG_COMPILER_GENERATE_SWIFT_ASSET_SYMBOL_EXTENSIONS = YES;
				CLANG_ANALYZER_NONNULL = YES;
				CLANG_ANALYZER_NUMBER_OBJECT_CONVERSION = YES_AGGRESSIVE;
				CLANG_CXX_LANGUAGE_STANDARD = "gnu++20";
				CLANG_ENABLE_MODULES = YES;
				CLANG_ENABLE_OBJC_ARC = YES;
				CLANG_ENABLE_OBJC_WEAK = YES;
				CLANG_WARN_BLOCK_CAPTURE_AUTORELEASING = YES;
				CLANG_WARN_BOOL_CONVERSION = YES;
				CLANG_WARN_COMMA = YES;
				CLANG_WARN_CONSTANT_CONVERSION = YES;
				CLANG_WARN_DEPRECATED_OBJC_IMPLEMENTATIONS = YES;
				CLANG_WARN_DIRECT_OBJC_ISA_USAGE = YES_ERROR;
				CLANG_WARN_DOCUMENTATION_COMMENTS = YES;
				CLANG_WARN_EMPTY_BODY = YES;
				CLANG_WARN_ENUM_CONVERSION = YES;
				CLANG_WARN_INFINITE_RECURSION = YES;
				CLANG_WARN_INT_CONVERSION = YES;
				CLANG_WARN_NON_LITERAL_NULL_CONVERSION = YES;
				CLANG_WARN_OBJC_IMPLICIT_RETAIN_SELF = YES;
				CLANG_WARN_OBJC_LITERAL_CONVERSION = YES;
				CLANG_WARN_OBJC_ROOT_CLASS = YES_ERROR;
				CLANG_WARN_QUOTED_INCLUDE_IN_FRAMEWORK_HEADER = YES;
				CLANG_WARN_RANGE_LOOP_ANALYSIS = YES;
				CLANG_WARN_STRICT_PROTOTYPES = YES;
				CLANG_WARN_SUSPICIOUS_MOVE = YES;
				CLANG_WARN_UNGUARDED_AVAILABILITY = YES_AGGRESSIVE;
				CLANG_WARN_UNREACHABLE_CODE = YES;
				CLANG_WARN__DUPLICATE_METHOD_MATCH = YES;
				COPY_PHASE_STRIP = NO;
				DEBUG_INFORMATION_FORMAT = dwarf;
				ENABLE_STRICT_OBJC_MSGSEND = YES;
				ENABLE_TESTABILITY = YES;
				ENABLE_USER_SCRIPT_SANDBOXING = YES;
				GCC_C_LANGUAGE_STANDARD = gnu17;
				GCC_DYNAMIC_NO_PIC = NO;
				GCC_NO_COMMON_BLOCKS = YES;
				GCC_OPTIMIZATION_LEVEL = 0;
				GCC_PREPROCESSOR_DEFINITIONS = (
					"DEBUG=1",
					"$(inherited)",
				);
				GCC_WARN_64_TO_32_BIT_CONVERSION = YES;
				GCC_WARN_ABOUT_RETURN_TYPE = YES_ERROR;
				GCC_WARN_UNDECLARED_SELECTOR = YES;
				GCC_WARN_UNINITIALIZED_AUTOS = YES_AGGRESSIVE;
				GCC_WARN_UNUSED_FUNCTION = YES;
				GCC_WARN_UNUSED_VARIABLE = YES;
				IPHONEOS_DEPLOYMENT_TARGET = 15.0;
				LOCALIZATION_PREFERS_STRING_CATALOGS = YES;
				MTL_ENABLE_DEBUG_INFO = INCLUDE_SOURCE;
				MTL_FAST_MATH = YES;
				ONLY_ACTIVE_ARCH = YES;
				SDKROOT = iphoneos;
				SWIFT_ACTIVE_COMPILATION_CONDITIONS = "DEBUG $(inherited)";
				SWIFT_OPTIMIZATION_LEVEL = "-Onone";
			};
			name = Debug;
		};
		10D042E12BFA051C004C3772 /* Release */ = {
			isa = XCBuildConfiguration;
			buildSettings = {
				ALWAYS_SEARCH_USER_PATHS = NO;
				ASSETCATALOG_COMPILER_GENERATE_SWIFT_ASSET_SYMBOL_EXTENSIONS = YES;
				CLANG_ANALYZER_NONNULL = YES;
				CLANG_ANALYZER_NUMBER_OBJECT_CONVERSION = YES_AGGRESSIVE;
				CLANG_CXX_LANGUAGE_STANDARD = "gnu++20";
				CLANG_ENABLE_MODULES = YES;
				CLANG_ENABLE_OBJC_ARC = YES;
				CLANG_ENABLE_OBJC_WEAK = YES;
				CLANG_WARN_BLOCK_CAPTURE_AUTORELEASING = YES;
				CLANG_WARN_BOOL_CONVERSION = YES;
				CLANG_WARN_COMMA = YES;
				CLANG_WARN_CONSTANT_CONVERSION = YES;
				CLANG_WARN_DEPRECATED_OBJC_IMPLEMENTATIONS = YES;
				CLANG_WARN_DIRECT_OBJC_ISA_USAGE = YES_ERROR;
				CLANG_WARN_DOCUMENTATION_COMMENTS = YES;
				CLANG_WARN_EMPTY_BODY = YES;
				CLANG_WARN_ENUM_CONVERSION = YES;
				CLANG_WARN_INFINITE_RECURSION = YES;
				CLANG_WARN_INT_CONVERSION = YES;
				CLANG_WARN_NON_LITERAL_NULL_CONVERSION = YES;
				CLANG_WARN_OBJC_IMPLICIT_RETAIN_SELF = YES;
				CLANG_WARN_OBJC_LITERAL_CONVERSION = YES;
				CLANG_WARN_OBJC_ROOT_CLASS = YES_ERROR;
				CLANG_WARN_QUOTED_INCLUDE_IN_FRAMEWORK_HEADER = YES;
				CLANG_WARN_RANGE_LOOP_ANALYSIS = YES;
				CLANG_WARN_STRICT_PROTOTYPES = YES;
				CLANG_WARN_SUSPICIOUS_MOVE = YES;
				CLANG_WARN_UNGUARDED_AVAILABILITY = YES_AGGRESSIVE;
				CLANG_WARN_UNREACHABLE_CODE = YES;
				CLANG_WARN__DUPLICATE_METHOD_MATCH = YES;
				COPY_PHASE_STRIP = NO;
				DEBUG_INFORMATION_FORMAT = "dwarf-with-dsym";
				ENABLE_NS_ASSERTIONS = NO;
				ENABLE_STRICT_OBJC_MSGSEND = YES;
				ENABLE_USER_SCRIPT_SANDBOXING = YES;
				GCC_C_LANGUAGE_STANDARD = gnu17;
				GCC_NO_COMMON_BLOCKS = YES;
				GCC_WARN_64_TO_32_BIT_CONVERSION = YES;
				GCC_WARN_ABOUT_RETURN_TYPE = YES_ERROR;
				GCC_WARN_UNDECLARED_SELECTOR = YES;
				GCC_WARN_UNINITIALIZED_AUTOS = YES_AGGRESSIVE;
				GCC_WARN_UNUSED_FUNCTION = YES;
				GCC_WARN_UNUSED_VARIABLE = YES;
				IPHONEOS_DEPLOYMENT_TARGET = 15.0;
				LOCALIZATION_PREFERS_STRING_CATALOGS = YES;
				MTL_ENABLE_DEBUG_INFO = NO;
				MTL_FAST_MATH = YES;
				SDKROOT = iphoneos;
				SWIFT_COMPILATION_MODE = wholemodule;
				VALIDATE_PRODUCT = YES;
			};
			name = Release;
		};
		10D042E32BFA051C004C3772 /* Debug */ = {
			isa = XCBuildConfiguration;
			buildSettings = {
				ASSETCATALOG_COMPILER_APPICON_NAME = AppIcon;
				ASSETCATALOG_COMPILER_GLOBAL_ACCENT_COLOR_NAME = AccentColor;
				CODE_SIGN_STYLE = Automatic;
				CURRENT_PROJECT_VERSION = 1;
				DEVELOPMENT_ASSET_PATHS = "\"Photo Editor/Preview Content\"";
				DEVELOPMENT_TEAM = 767JC457LD;
				ENABLE_PREVIEWS = YES;
				GENERATE_INFOPLIST_FILE = YES;
				INFOPLIST_FILE = "Photo-Editor-Info.plist";
				INFOPLIST_KEY_NSPhotoLibraryAddUsageDescription = "Need permission to save photo.";
				INFOPLIST_KEY_UIApplicationSceneManifest_Generation = YES;
				INFOPLIST_KEY_UIApplicationSupportsIndirectInputEvents = YES;
				INFOPLIST_KEY_UILaunchScreen_Generation = YES;
				INFOPLIST_KEY_UISupportedInterfaceOrientations_iPad = "UIInterfaceOrientationPortrait UIInterfaceOrientationPortraitUpsideDown UIInterfaceOrientationLandscapeLeft UIInterfaceOrientationLandscapeRight";
				INFOPLIST_KEY_UISupportedInterfaceOrientations_iPhone = "UIInterfaceOrientationPortrait UIInterfaceOrientationLandscapeLeft UIInterfaceOrientationLandscapeRight";
				LD_RUNPATH_SEARCH_PATHS = (
					"$(inherited)",
					"@executable_path/Frameworks",
				);
				MARKETING_VERSION = 1.0;
				PRODUCT_BUNDLE_IDENTIFIER = "com.mdabirhossain.Photo-Editor";
				PRODUCT_NAME = "$(TARGET_NAME)";
				SUPPORTED_PLATFORMS = "iphoneos iphonesimulator";
				SUPPORTS_MACCATALYST = NO;
				SUPPORTS_MAC_DESIGNED_FOR_IPHONE_IPAD = NO;
				SUPPORTS_XR_DESIGNED_FOR_IPHONE_IPAD = NO;
				SWIFT_EMIT_LOC_STRINGS = YES;
				SWIFT_VERSION = 5.0;
				TARGETED_DEVICE_FAMILY = "1,2";
			};
			name = Debug;
		};
		10D042E42BFA051C004C3772 /* Release */ = {
			isa = XCBuildConfiguration;
			buildSettings = {
				ASSETCATALOG_COMPILER_APPICON_NAME = AppIcon;
				ASSETCATALOG_COMPILER_GLOBAL_ACCENT_COLOR_NAME = AccentColor;
				CODE_SIGN_STYLE = Automatic;
				CURRENT_PROJECT_VERSION = 1;
				DEVELOPMENT_ASSET_PATHS = "\"Photo Editor/Preview Content\"";
				DEVELOPMENT_TEAM = 767JC457LD;
				ENABLE_PREVIEWS = YES;
				GENERATE_INFOPLIST_FILE = YES;
				INFOPLIST_FILE = "Photo-Editor-Info.plist";
				INFOPLIST_KEY_NSPhotoLibraryAddUsageDescription = "Need permission to save photo.";
				INFOPLIST_KEY_UIApplicationSceneManifest_Generation = YES;
				INFOPLIST_KEY_UIApplicationSupportsIndirectInputEvents = YES;
				INFOPLIST_KEY_UILaunchScreen_Generation = YES;
				INFOPLIST_KEY_UISupportedInterfaceOrientations_iPad = "UIInterfaceOrientationPortrait UIInterfaceOrientationPortraitUpsideDown UIInterfaceOrientationLandscapeLeft UIInterfaceOrientationLandscapeRight";
				INFOPLIST_KEY_UISupportedInterfaceOrientations_iPhone = "UIInterfaceOrientationPortrait UIInterfaceOrientationLandscapeLeft UIInterfaceOrientationLandscapeRight";
				LD_RUNPATH_SEARCH_PATHS = (
					"$(inherited)",
					"@executable_path/Frameworks",
				);
				MARKETING_VERSION = 1.0;
				PRODUCT_BUNDLE_IDENTIFIER = "com.mdabirhossain.Photo-Editor";
				PRODUCT_NAME = "$(TARGET_NAME)";
				SUPPORTED_PLATFORMS = "iphoneos iphonesimulator";
				SUPPORTS_MACCATALYST = NO;
				SUPPORTS_MAC_DESIGNED_FOR_IPHONE_IPAD = NO;
				SUPPORTS_XR_DESIGNED_FOR_IPHONE_IPAD = NO;
				SWIFT_EMIT_LOC_STRINGS = YES;
				SWIFT_VERSION = 5.0;
				TARGETED_DEVICE_FAMILY = "1,2";
			};
			name = Release;
		};
/* End XCBuildConfiguration section */

/* Begin XCConfigurationList section */
		10D042CF2BFA0519004C3772 /* Build configuration list for PBXProject "Photo Editor" */ = {
			isa = XCConfigurationList;
			buildConfigurations = (
				10D042E02BFA051C004C3772 /* Debug */,
				10D042E12BFA051C004C3772 /* Release */,
			);
			defaultConfigurationIsVisible = 0;
			defaultConfigurationName = Release;
		};
		10D042E22BFA051C004C3772 /* Build configuration list for PBXNativeTarget "Photo Editor" */ = {
			isa = XCConfigurationList;
			buildConfigurations = (
				10D042E32BFA051C004C3772 /* Debug */,
				10D042E42BFA051C004C3772 /* Release */,
			);
			defaultConfigurationIsVisible = 0;
			defaultConfigurationName = Release;
		};
/* End XCConfigurationList section */
	};
	rootObject = 10D042CC2BFA0519004C3772 /* Project object */;
}
